
Microsoft Visual Studio Solution File, Format Version 12.00
# Visual Studio Version 17
VisualStudioVersion = 17.9.34714.143
MinimumVisualStudioVersion = 10.0.40219.1
Project("{9A19103F-16F7-4668-BE54-9A1E7A4F7556}") = "MauiClientApp", "src\MauiClientApp\MauiClientApp.csproj", "{6CCC6493-7E20-46B8-B94A-717E621BBB9A}"
EndProject
Project("{9A19103F-16F7-4668-BE54-9A1E7A4F7556}") = "ServerSide", "src\ServerSide\ServerSide.csproj", "{7F4FD198-8DE7-4784-95D5-5C340E55BD03}"
EndProject
Global
	GlobalSection(SolutionConfigurationPlatforms) = preSolution
		Debug|Any CPU = Debug|Any CPU
		Release|Any CPU = Release|Any CPU
	EndGlobalSection
	GlobalSection(ProjectConfigurationPlatforms) = postSolution
		{6CCC6493-7E20-46B8-B94A-717E621BBB9A}.Debug|Any CPU.ActiveCfg = Debug|Any CPU
		{6CCC6493-7E20-46B8-B94A-717E621BBB9A}.Debug|Any CPU.Build.0 = Debug|Any CPU
		{6CCC6493-7E20-46B8-B94A-717E621BBB9A}.Debug|Any CPU.Deploy.0 = Debug|Any CPU
		{6CCC6493-7E20-46B8-B94A-717E621BBB9A}.Release|Any CPU.ActiveCfg = Release|Any CPU
		{6CCC6493-7E20-46B8-B94A-717E621BBB9A}.Release|Any CPU.Build.0 = Release|Any CPU
		{6CCC6493-7E20-46B8-B94A-717E621BBB9A}.Release|Any CPU.Deploy.0 = Release|Any CPU
		{7F4FD198-8DE7-4784-95D5-5C340E55BD03}.Debug|Any CPU.ActiveCfg = Debug|Any CPU
		{7F4FD198-8DE7-4784-95D5-5C340E55BD03}.Debug|Any CPU.Build.0 = Debug|Any CPU
		{7F4FD198-8DE7-4784-95D5-5C340E55BD03}.Release|Any CPU.ActiveCfg = Release|Any CPU
		{7F4FD198-8DE7-4784-95D5-5C340E55BD03}.Release|Any CPU.Build.0 = Release|Any CPU
	EndGlobalSection
	GlobalSection(SolutionProperties) = preSolution
		HideSolutionNode = FALSE
	EndGlobalSection
	GlobalSection(ExtensibilityGlobals) = postSolution
		SolutionGuid = {EDBC471F-12EA-4AB8-9C9F-BC7B93FA6663}
	EndGlobalSection
EndGlobal
